// !$*UTF8*$!
{
	archiveVersion = 1;
	classes = {
	};
	objectVersion = 50;
	objects = {

/* Begin PBXBuildFile section */
		EEF3054424D0CAE9009E3200 /* AppDelegate.swift in Sources */ = {isa = PBXBuildFile; fileRef = EEF3054324D0CAE9009E3200 /* AppDelegate.swift */; };
		EEF3054624D0CAE9009E3200 /* SceneDelegate.swift in Sources */ = {isa = PBXBuildFile; fileRef = EEF3054524D0CAE9009E3200 /* SceneDelegate.swift */; };
		EEF3054824D0CAE9009E3200 /* ViewController.swift in Sources */ = {isa = PBXBuildFile; fileRef = EEF3054724D0CAE9009E3200 /* ViewController.swift */; };
		EEF3054B24D0CAE9009E3200 /* Main.storyboard in Resources */ = {isa = PBXBuildFile; fileRef = EEF3054924D0CAE9009E3200 /* Main.storyboard */; };
		EEF3054D24D0CAEC009E3200 /* Assets.xcassets in Resources */ = {isa = PBXBuildFile; fileRef = EEF3054C24D0CAEC009E3200 /* Assets.xcassets */; };
		EEF3055024D0CAEC009E3200 /* LaunchScreen.storyboard in Resources */ = {isa = PBXBuildFile; fileRef = EEF3054E24D0CAEC009E3200 /* LaunchScreen.storyboard */; };
		EEF3055B24D0CAEC009E3200 /* tipTests.swift in Sources */ = {isa = PBXBuildFile; fileRef = EEF3055A24D0CAEC009E3200 /* tipTests.swift */; };
		EEF3056624D0CAEC009E3200 /* tipUITests.swift in Sources */ = {isa = PBXBuildFile; fileRef = EEF3056524D0CAEC009E3200 /* tipUITests.swift */; };
/* End PBXBuildFile section */

/* Begin PBXContainerItemProxy section */
		EEF3055724D0CAEC009E3200 /* PBXContainerItemProxy */ = {
			isa = PBXContainerItemProxy;
			containerPortal = EEF3053824D0CAE8009E3200 /* Project object */;
			proxyType = 1;
			remoteGlobalIDString = EEF3053F24D0CAE9009E3200;
			remoteInfo = tip;
		};
		EEF3056224D0CAEC009E3200 /* PBXContainerItemProxy */ = {
			isa = PBXContainerItemProxy;
			containerPortal = EEF3053824D0CAE8009E3200 /* Project object */;
			proxyType = 1;
			remoteGlobalIDString = EEF3053F24D0CAE9009E3200;
			remoteInfo = tip;
		};
/* End PBXContainerItemProxy section */

/* Begin PBXFileReference section */
		EEF3054024D0CAE9009E3200 /* tip.app */ = {isa = PBXFileReference; explicitFileType = wrapper.application; includeInIndex = 0; path = tip.app; sourceTree = BUILT_PRODUCTS_DIR; };
		EEF3054324D0CAE9009E3200 /* AppDelegate.swift */ = {isa = PBXFileReference; lastKnownFileType = sourcecode.swift; path = AppDelegate.swift; sourceTree = "<group>"; };
		EEF3054524D0CAE9009E3200 /* SceneDelegate.swift */ = {isa = PBXFileReference; lastKnownFileType = sourcecode.swift; path = SceneDelegate.swift; sourceTree = "<group>"; };
		EEF3054724D0CAE9009E3200 /* ViewController.swift */ = {isa = PBXFileReference; lastKnownFileType = sourcecode.swift; path = ViewController.swift; sourceTree = "<group>"; };
		EEF3054A24D0CAE9009E3200 /* Base */ = {isa = PBXFileReference; lastKnownFileType = file.storyboard; name = Base; path = Base.lproj/Main.storyboard; sourceTree = "<group>"; };
		EEF3054C24D0CAEC009E3200 /* Assets.xcassets */ = {isa = PBXFileReference; lastKnownFileType = folder.assetcatalog; path = Assets.xcassets; sourceTree = "<group>"; };
		EEF3054F24D0CAEC009E3200 /* Base */ = {isa = PBXFileReference; lastKnownFileType = file.storyboard; name = Base; path = Base.lproj/LaunchScreen.storyboard; sourceTree = "<group>"; };
		EEF3055124D0CAEC009E3200 /* Info.plist */ = {isa = PBXFileReference; lastKnownFileType = text.plist.xml; path = Info.plist; sourceTree = "<group>"; };
		EEF3055624D0CAEC009E3200 /* tipTests.xctest */ = {isa = PBXFileReference; explicitFileType = wrapper.cfbundle; includeInIndex = 0; path = tipTests.xctest; sourceTree = BUILT_PRODUCTS_DIR; };
		EEF3055A24D0CAEC009E3200 /* tipTests.swift */ = {isa = PBXFileReference; lastKnownFileType = sourcecode.swift; path = tipTests.swift; sourceTree = "<group>"; };
		EEF3055C24D0CAEC009E3200 /* Info.plist */ = {isa = PBXFileReference; lastKnownFileType = text.plist.xml; path = Info.plist; sourceTree = "<group>"; };
		EEF3056124D0CAEC009E3200 /* tipUITests.xctest */ = {isa = PBXFileReference; explicitFileType = wrapper.cfbundle; includeInIndex = 0; path = tipUITests.xctest; sourceTree = BUILT_PRODUCTS_DIR; };
		EEF3056524D0CAEC009E3200 /* tipUITests.swift */ = {isa = PBXFileReference; lastKnownFileType = sourcecode.swift; path = tipUITests.swift; sourceTree = "<group>"; };
		EEF3056724D0CAEC009E3200 /* Info.plist */ = {isa = PBXFileReference; lastKnownFileType = text.plist.xml; path = Info.plist; sourceTree = "<group>"; };
/* End PBXFileReference section */

/* Begin PBXFrameworksBuildPhase section */
		EEF3053D24D0CAE9009E3200 /* Frameworks */ = {
			isa = PBXFrameworksBuildPhase;
			buildActionMask = 2147483647;
			files = (
			);
			runOnlyForDeploymentPostprocessing = 0;
		};
		EEF3055324D0CAEC009E3200 /* Frameworks */ = {
			isa = PBXFrameworksBuildPhase;
			buildActionMask = 2147483647;
			files = (
			);
			runOnlyForDeploymentPostprocessing = 0;
		};
		EEF3055E24D0CAEC009E3200 /* Frameworks */ = {
			isa = PBXFrameworksBuildPhase;
			buildActionMask = 2147483647;
			files = (
			);
			runOnlyForDeploymentPostprocessing = 0;
		};
/* End PBXFrameworksBuildPhase section */

/* Begin PBXGroup section */
		EEF3053724D0CAE8009E3200 = {
			isa = PBXGroup;
			children = (
				EEF3054224D0CAE9009E3200 /* tip */,
				EEF3055924D0CAEC009E3200 /* tipTests */,
				EEF3056424D0CAEC009E3200 /* tipUITests */,
				EEF3054124D0CAE9009E3200 /* Products */,
			);
			sourceTree = "<group>";
		};
		EEF3054124D0CAE9009E3200 /* Products */ = {
			isa = PBXGroup;
			children = (
				EEF3054024D0CAE9009E3200 /* tip.app */,
				EEF3055624D0CAEC009E3200 /* tipTests.xctest */,
				EEF3056124D0CAEC009E3200 /* tipUITests.xctest */,
			);
			name = Products;
			sourceTree = "<group>";
		};
		EEF3054224D0CAE9009E3200 /* tip */ = {
			isa = PBXGroup;
			children = (
				EEF3054324D0CAE9009E3200 /* AppDelegate.swift */,
				EEF3054524D0CAE9009E3200 /* SceneDelegate.swift */,
				EEF3054724D0CAE9009E3200 /* ViewController.swift */,
				EEF3054924D0CAE9009E3200 /* Main.storyboard */,
				EEF3054C24D0CAEC009E3200 /* Assets.xcassets */,
				EEF3054E24D0CAEC009E3200 /* LaunchScreen.storyboard */,
				EEF3055124D0CAEC009E3200 /* Info.plist */,
			);
			path = tip;
			sourceTree = "<group>";
		};
		EEF3055924D0CAEC009E3200 /* tipTests */ = {
			isa = PBXGroup;
			children = (
				EEF3055A24D0CAEC009E3200 /* tipTests.swift */,
				EEF3055C24D0CAEC009E3200 /* Info.plist */,
			);
			path = tipTests;
			sourceTree = "<group>";
		};
		EEF3056424D0CAEC009E3200 /* tipUITests */ = {
			isa = PBXGroup;
			children = (
				EEF3056524D0CAEC009E3200 /* tipUITests.swift */,
				EEF3056724D0CAEC009E3200 /* Info.plist */,
			);
			path = tipUITests;
			sourceTree = "<group>";
		};
/* End PBXGroup section */

/* Begin PBXNativeTarget section */
		EEF3053F24D0CAE9009E3200 /* tip */ = {
			isa = PBXNativeTarget;
			buildConfigurationList = EEF3056A24D0CAEC009E3200 /* Build configuration list for PBXNativeTarget "tip" */;
			buildPhases = (
				EEF3053C24D0CAE9009E3200 /* Sources */,
				EEF3053D24D0CAE9009E3200 /* Frameworks */,
				EEF3053E24D0CAE9009E3200 /* Resources */,
			);
			buildRules = (
			);
			dependencies = (
			);
			name = tip;
			productName = tip;
			productReference = EEF3054024D0CAE9009E3200 /* tip.app */;
			productType = "com.apple.product-type.application";
		};
		EEF3055524D0CAEC009E3200 /* tipTests */ = {
			isa = PBXNativeTarget;
			buildConfigurationList = EEF3056D24D0CAEC009E3200 /* Build configuration list for PBXNativeTarget "tipTests" */;
			buildPhases = (
				EEF3055224D0CAEC009E3200 /* Sources */,
				EEF3055324D0CAEC009E3200 /* Frameworks */,
				EEF3055424D0CAEC009E3200 /* Resources */,
			);
			buildRules = (
			);
			dependencies = (
				EEF3055824D0CAEC009E3200 /* PBXTargetDependency */,
			);
			name = tipTests;
			productName = tipTests;
			productReference = EEF3055624D0CAEC009E3200 /* tipTests.xctest */;
			productType = "com.apple.product-type.bundle.unit-test";
		};
		EEF3056024D0CAEC009E3200 /* tipUITests */ = {
			isa = PBXNativeTarget;
			buildConfigurationList = EEF3057024D0CAEC009E3200 /* Build configuration list for PBXNativeTarget "tipUITests" */;
			buildPhases = (
				EEF3055D24D0CAEC009E3200 /* Sources */,
				EEF3055E24D0CAEC009E3200 /* Frameworks */,
				EEF3055F24D0CAEC009E3200 /* Resources */,
			);
			buildRules = (
			);
			dependencies = (
				EEF3056324D0CAEC009E3200 /* PBXTargetDependency */,
			);
			name = tipUITests;
			productName = tipUITests;
			productReference = EEF3056124D0CAEC009E3200 /* tipUITests.xctest */;
			productType = "com.apple.product-type.bundle.ui-testing";
		};
/* End PBXNativeTarget section */

/* Begin PBXProject section */
		EEF3053824D0CAE8009E3200 /* Project object */ = {
			isa = PBXProject;
			attributes = {
				LastSwiftUpdateCheck = 1150;
				LastUpgradeCheck = 1150;
				ORGANIZATIONNAME = Codepath;
				TargetAttributes = {
					EEF3053F24D0CAE9009E3200 = {
						CreatedOnToolsVersion = 11.5;
					};
					EEF3055524D0CAEC009E3200 = {
						CreatedOnToolsVersion = 11.5;
						TestTargetID = EEF3053F24D0CAE9009E3200;
					};
					EEF3056024D0CAEC009E3200 = {
						CreatedOnToolsVersion = 11.5;
						TestTargetID = EEF3053F24D0CAE9009E3200;
					};
				};
			};
			buildConfigurationList = EEF3053B24D0CAE8009E3200 /* Build configuration list for PBXProject "tip" */;
			compatibilityVersion = "Xcode 9.3";
			developmentRegion = en;
			hasScannedForEncodings = 0;
			knownRegions = (
				en,
				Base,
			);
			mainGroup = EEF3053724D0CAE8009E3200;
			productRefGroup = EEF3054124D0CAE9009E3200 /* Products */;
			projectDirPath = "";
			projectRoot = "";
			targets = (
				EEF3053F24D0CAE9009E3200 /* tip */,
				EEF3055524D0CAEC009E3200 /* tipTests */,
				EEF3056024D0CAEC009E3200 /* tipUITests */,
			);
		};
/* End PBXProject section */

/* Begin PBXResourcesBuildPhase section */
		EEF3053E24D0CAE9009E3200 /* Resources */ = {
			isa = PBXResourcesBuildPhase;
			buildActionMask = 2147483647;
			files = (
				EEF3055024D0CAEC009E3200 /* LaunchScreen.storyboard in Resources */,
				EEF3054D24D0CAEC009E3200 /* Assets.xcassets in Resources */,
				EEF3054B24D0CAE9009E3200 /* Main.storyboard in Resources */,
			);
			runOnlyForDeploymentPostprocessing = 0;
		};
		EEF3055424D0CAEC009E3200 /* Resources */ = {
			isa = PBXResourcesBuildPhase;
			buildActionMask = 2147483647;
			files = (
			);
			runOnlyForDeploymentPostprocessing = 0;
		};
		EEF3055F24D0CAEC009E3200 /* Resources */ = {
			isa = PBXResourcesBuildPhase;
			buildActionMask = 2147483647;
			files = (
			);
			runOnlyForDeploymentPostprocessing = 0;
		};
/* End PBXResourcesBuildPhase section */

/* Begin PBXSourcesBuildPhase section */
		EEF3053C24D0CAE9009E3200 /* Sources */ = {
			isa = PBXSourcesBuildPhase;
			buildActionMask = 2147483647;
			files = (
				EEF3054824D0CAE9009E3200 /* ViewController.swift in Sources */,
				EEF3054424D0CAE9009E3200 /* AppDelegate.swift in Sources */,
				EEF3054624D0CAE9009E3200 /* SceneDelegate.swift in Sources */,
			);
			runOnlyForDeploymentPostprocessing = 0;
		};
		EEF3055224D0CAEC009E3200 /* Sources */ = {
			isa = PBXSourcesBuildPhase;
			buildActionMask = 2147483647;
			files = (
				EEF3055B24D0CAEC009E3200 /* tipTests.swift in Sources */,
			);
			runOnlyForDeploymentPostprocessing = 0;
		};
		EEF3055D24D0CAEC009E3200 /* Sources */ = {
			isa = PBXSourcesBuildPhase;
			buildActionMask = 2147483647;
			files = (
				EEF3056624D0CAEC009E3200 /* tipUITests.swift in Sources */,
			);
			runOnlyForDeploymentPostprocessing = 0;
		};
/* End PBXSourcesBuildPhase section */

/* Begin PBXTargetDependency section */
		EEF3055824D0CAEC009E3200 /* PBXTargetDependency */ = {
			isa = PBXTargetDependency;
			target = EEF3053F24D0CAE9009E3200 /* tip */;
			targetProxy = EEF3055724D0CAEC009E3200 /* PBXContainerItemProxy */;
		};
		EEF3056324D0CAEC009E3200 /* PBXTargetDependency */ = {
			isa = PBXTargetDependency;
			target = EEF3053F24D0CAE9009E3200 /* tip */;
			targetProxy = EEF3056224D0CAEC009E3200 /* PBXContainerItemProxy */;
		};
/* End PBXTargetDependency section */

/* Begin PBXVariantGroup section */
		EEF3054924D0CAE9009E3200 /* Main.storyboard */ = {
			isa = PBXVariantGroup;
			children = (
				EEF3054A24D0CAE9009E3200 /* Base */,
			);
			name = Main.storyboard;
			sourceTree = "<group>";
		};
		EEF3054E24D0CAEC009E3200 /* LaunchScreen.storyboard */ = {
			isa = PBXVariantGroup;
			children = (
				EEF3054F24D0CAEC009E3200 /* Base */,
			);
			name = LaunchScreen.storyboard;
			sourceTree = "<group>";
		};
/* End PBXVariantGroup section */

/* Begin XCBuildConfiguration section */
		EEF3056824D0CAEC009E3200 /* Debug */ = {
			isa = XCBuildConfiguration;
			buildSettings = {
				ALWAYS_SEARCH_USER_PATHS = NO;
				CLANG_ANALYZER_NONNULL = YES;
				CLANG_ANALYZER_NUMBER_OBJECT_CONVERSION = YES_AGGRESSIVE;
				CLANG_CXX_LANGUAGE_STANDARD = "gnu++14";
				CLANG_CXX_LIBRARY = "libc++";
				CLANG_ENABLE_MODULES = YES;
				CLANG_ENABLE_OBJC_ARC = YES;
				CLANG_ENABLE_OBJC_WEAK = YES;
				CLANG_WARN_BLOCK_CAPTURE_AUTORELEASING = YES;
				CLANG_WARN_BOOL_CONVERSION = YES;
				CLANG_WARN_COMMA = YES;
				CLANG_WARN_CONSTANT_CONVERSION = YES;
				CLANG_WARN_DEPRECATED_OBJC_IMPLEMENTATIONS = YES;
				CLANG_WARN_DIRECT_OBJC_ISA_USAGE = YES_ERROR;
				CLANG_WARN_DOCUMENTATION_COMMENTS = YES;
				CLANG_WARN_EMPTY_BODY = YES;
				CLANG_WARN_ENUM_CONVERSION = YES;
				CLANG_WARN_INFINITE_RECURSION = YES;
				CLANG_WARN_INT_CONVERSION = YES;
				CLANG_WARN_NON_LITERAL_NULL_CONVERSION = YES;
				CLANG_WARN_OBJC_IMPLICIT_RETAIN_SELF = YES;
				CLANG_WARN_OBJC_LITERAL_CONVERSION = YES;
				CLANG_WARN_OBJC_ROOT_CLASS = YES_ERROR;
				CLANG_WARN_RANGE_LOOP_ANALYSIS = YES;
				CLANG_WARN_STRICT_PROTOTYPES = YES;
				CLANG_WARN_SUSPICIOUS_MOVE = YES;
				CLANG_WARN_UNGUARDED_AVAILABILITY = YES_AGGRESSIVE;
				CLANG_WARN_UNREACHABLE_CODE = YES;
				CLANG_WARN__DUPLICATE_METHOD_MATCH = YES;
				COPY_PHASE_STRIP = NO;
				DEBUG_INFORMATION_FORMAT = dwarf;
				ENABLE_STRICT_OBJC_MSGSEND = YES;
				ENABLE_TESTABILITY = YES;
				GCC_C_LANGUAGE_STANDARD = gnu11;
				GCC_DYNAMIC_NO_PIC = NO;
				GCC_NO_COMMON_BLOCKS = YES;
				GCC_OPTIMIZATION_LEVEL = 0;
				GCC_PREPROCESSOR_DEFINITIONS = (
					"DEBUG=1",
					"$(inherited)",
				);
				GCC_WARN_64_TO_32_BIT_CONVERSION = YES;
				GCC_WARN_ABOUT_RETURN_TYPE = YES_ERROR;
				GCC_WARN_UNDECLARED_SELECTOR = YES;
				GCC_WARN_UNINITIALIZED_AUTOS = YES_AGGRESSIVE;
				GCC_WARN_UNUSED_FUNCTION = YES;
				GCC_WARN_UNUSED_VARIABLE = YES;
				IPHONEOS_DEPLOYMENT_TARGET = 13.5;
				MTL_ENABLE_DEBUG_INFO = INCLUDE_SOURCE;
				MTL_FAST_MATH = YES;
				ONLY_ACTIVE_ARCH = YES;
				SDKROOT = iphoneos;
				SWIFT_ACTIVE_COMPILATION_CONDITIONS = DEBUG;
				SWIFT_OPTIMIZATION_LEVEL = "-Onone";
			};
			name = Debug;
		};
		EEF3056924D0CAEC009E3200 /* Release */ = {
			isa = XCBuildConfiguration;
			buildSettings = {
				ALWAYS_SEARCH_USER_PATHS = NO;
				CLANG_ANALYZER_NONNULL = YES;
				CLANG_ANALYZER_NUMBER_OBJECT_CONVERSION = YES_AGGRESSIVE;
				CLANG_CXX_LANGUAGE_STANDARD = "gnu++14";
				CLANG_CXX_LIBRARY = "libc++";
				CLANG_ENABLE_MODULES = YES;
				CLANG_ENABLE_OBJC_ARC = YES;
				CLANG_ENABLE_OBJC_WEAK = YES;
				CLANG_WARN_BLOCK_CAPTURE_AUTORELEASING = YES;
				CLANG_WARN_BOOL_CONVERSION = YES;
				CLANG_WARN_COMMA = YES;
				CLANG_WARN_CONSTANT_CONVERSION = YES;
				CLANG_WARN_DEPRECATED_OBJC_IMPLEMENTATIONS = YES;
				CLANG_WARN_DIRECT_OBJC_ISA_USAGE = YES_ERROR;
				CLANG_WARN_DOCUMENTATION_COMMENTS = YES;
				CLANG_WARN_EMPTY_BODY = YES;
				CLANG_WARN_ENUM_CONVERSION = YES;
				CLANG_WARN_INFINITE_RECURSION = YES;
				CLANG_WARN_INT_CONVERSION = YES;
				CLANG_WARN_NON_LITERAL_NULL_CONVERSION = YES;
				CLANG_WARN_OBJC_IMPLICIT_RETAIN_SELF = YES;
				CLANG_WARN_OBJC_LITERAL_CONVERSION = YES;
				CLANG_WARN_OBJC_ROOT_CLASS = YES_ERROR;
				CLANG_WARN_RANGE_LOOP_ANALYSIS = YES;
				CLANG_WARN_STRICT_PROTOTYPES = YES;
				CLANG_WARN_SUSPICIOUS_MOVE = YES;
				CLANG_WARN_UNGUARDED_AVAILABILITY = YES_AGGRESSIVE;
				CLANG_WARN_UNREACHABLE_CODE = YES;
				CLANG_WARN__DUPLICATE_METHOD_MATCH = YES;
				COPY_PHASE_STRIP = NO;
				DEBUG_INFORMATION_FORMAT = "dwarf-with-dsym";
				ENABLE_NS_ASSERTIONS = NO;
				ENABLE_STRICT_OBJC_MSGSEND = YES;
				GCC_C_LANGUAGE_STANDARD = gnu11;
				GCC_NO_COMMON_BLOCKS = YES;
				GCC_WARN_64_TO_32_BIT_CONVERSION = YES;
				GCC_WARN_ABOUT_RETURN_TYPE = YES_ERROR;
				GCC_WARN_UNDECLARED_SELECTOR = YES;
				GCC_WARN_UNINITIALIZED_AUTOS = YES_AGGRESSIVE;
				GCC_WARN_UNUSED_FUNCTION = YES;
				GCC_WARN_UNUSED_VARIABLE = YES;
				IPHONEOS_DEPLOYMENT_TARGET = 13.5;
				MTL_ENABLE_DEBUG_INFO = NO;
				MTL_FAST_MATH = YES;
				SDKROOT = iphoneos;
				SWIFT_COMPILATION_MODE = wholemodule;
				SWIFT_OPTIMIZATION_LEVEL = "-O";
				VALIDATE_PRODUCT = YES;
			};
			name = Release;
		};
		EEF3056B24D0CAEC009E3200 /* Debug */ = {
			isa = XCBuildConfiguration;
			buildSettings = {
				ASSETCATALOG_COMPILER_APPICON_NAME = AppIcon;
				CODE_SIGN_STYLE = Automatic;
				DEVELOPMENT_TEAM = LN9Q5T56WD;
				INFOPLIST_FILE = tip/Info.plist;
				LD_RUNPATH_SEARCH_PATHS = (
					"$(inherited)",
					"@executable_path/Frameworks",
				);
				PRODUCT_BUNDLE_IDENTIFIER = com.codepath.tip;
				PRODUCT_NAME = "$(TARGET_NAME)";
				SWIFT_VERSION = 5.0;
				TARGETED_DEVICE_FAMILY = 1;
			};
			name = Debug;
		};
		EEF3056C24D0CAEC009E3200 /* Release */ = {
			isa = XCBuildConfiguration;
			buildSettings = {
				ASSETCATALOG_COMPILER_APPICON_NAME = AppIcon;
				CODE_SIGN_STYLE = Automatic;
				DEVELOPMENT_TEAM = LN9Q5T56WD;
				INFOPLIST_FILE = tip/Info.plist;
				LD_RUNPATH_SEARCH_PATHS = (
					"$(inherited)",
					"@executable_path/Frameworks",
				);
				PRODUCT_BUNDLE_IDENTIFIER = com.codepath.tip;
				PRODUCT_NAME = "$(TARGET_NAME)";
				SWIFT_VERSION = 5.0;
				TARGETED_DEVICE_FAMILY = 1;
			};
			name = Release;
		};
		EEF3056E24D0CAEC009E3200 /* Debug */ = {
			isa = XCBuildConfiguration;
			buildSettings = {
				ALWAYS_EMBED_SWIFT_STANDARD_LIBRARIES = YES;
				BUNDLE_LOADER = "$(TEST_HOST)";
				CODE_SIGN_STYLE = Automatic;
				DEVELOPMENT_TEAM = LN9Q5T56WD;
				INFOPLIST_FILE = tipTests/Info.plist;
				IPHONEOS_DEPLOYMENT_TARGET = 13.5;
				LD_RUNPATH_SEARCH_PATHS = (
					"$(inherited)",
					"@executable_path/Frameworks",
					"@loader_path/Frameworks",
				);
				PRODUCT_BUNDLE_IDENTIFIER = com.codepath.tipTests;
				PRODUCT_NAME = "$(TARGET_NAME)";
				SWIFT_VERSION = 5.0;
				TARGETED_DEVICE_FAMILY = "1,2";
				TEST_HOST = "$(BUILT_PRODUCTS_DIR)/tip.app/tip";
			};
			name = Debug;
		};
		EEF3056F24D0CAEC009E3200 /* Release */ = {
			isa = XCBuildConfiguration;
			buildSettings = {
				ALWAYS_EMBED_SWIFT_STANDARD_LIBRARIES = YES;
				BUNDLE_LOADER = "$(TEST_HOST)";
				CODE_SIGN_STYLE = Automatic;
				DEVELOPMENT_TEAM = LN9Q5T56WD;
				INFOPLIST_FILE = tipTests/Info.plist;
				IPHONEOS_DEPLOYMENT_TARGET = 13.5;
				LD_RUNPATH_SEARCH_PATHS = (
					"$(inherited)",
					"@executable_path/Frameworks",
					"@loader_path/Frameworks",
				);
				PRODUCT_BUNDLE_IDENTIFIER = com.codepath.tipTests;
				PRODUCT_NAME = "$(TARGET_NAME)";
				SWIFT_VERSION = 5.0;
				TARGETED_DEVICE_FAMILY = "1,2";
				TEST_HOST = "$(BUILT_PRODUCTS_DIR)/tip.app/tip";
			};
			name = Release;
		};
		EEF3057124D0CAEC009E3200 /* Debug */ = {
			isa = XCBuildConfiguration;
			buildSettings = {
				ALWAYS_EMBED_SWIFT_STANDARD_LIBRARIES = YES;
				CODE_SIGN_STYLE = Automatic;
				DEVELOPMENT_TEAM = LN9Q5T56WD;
				INFOPLIST_FILE = tipUITests/Info.plist;
				LD_RUNPATH_SEARCH_PATHS = (
					"$(inherited)",
					"@executable_path/Frameworks",
					"@loader_path/Frameworks",
				);
				PRODUCT_BUNDLE_IDENTIFIER = com.codepath.tipUITests;
				PRODUCT_NAME = "$(TARGET_NAME)";
				SWIFT_VERSION = 5.0;
				TARGETED_DEVICE_FAMILY = "1,2";
				TEST_TARGET_NAME = tip;
			};
			name = Debug;
		};
		EEF3057224D0CAEC009E3200 /* Release */ = {
			isa = XCBuildConfiguration;
			buildSettings = {
				ALWAYS_EMBED_SWIFT_STANDARD_LIBRARIES = YES;
				CODE_SIGN_STYLE = Automatic;
				DEVELOPMENT_TEAM = LN9Q5T56WD;
				INFOPLIST_FILE = tipUITests/Info.plist;
				LD_RUNPATH_SEARCH_PATHS = (
					"$(inherited)",
					"@executable_path/Frameworks",
					"@loader_path/Frameworks",
				);
				PRODUCT_BUNDLE_IDENTIFIER = com.codepath.tipUITests;
				PRODUCT_NAME = "$(TARGET_NAME)";
				SWIFT_VERSION = 5.0;
				TARGETED_DEVICE_FAMILY = "1,2";
				TEST_TARGET_NAME = tip;
			};
			name = Release;
		};
/* End XCBuildConfiguration section */

/* Begin XCConfigurationList section */
		EEF3053B24D0CAE8009E3200 /* Build configuration list for PBXProject "tip" */ = {
			isa = XCConfigurationList;
			buildConfigurations = (
				EEF3056824D0CAEC009E3200 /* Debug */,
				EEF3056924D0CAEC009E3200 /* Release */,
			);
			defaultConfigurationIsVisible = 0;
			defaultConfigurationName = Release;
		};
		EEF3056A24D0CAEC009E3200 /* Build configuration list for PBXNativeTarget "tip" */ = {
			isa = XCConfigurationList;
			buildConfigurations = (
				EEF3056B24D0CAEC009E3200 /* Debug */,
				EEF3056C24D0CAEC009E3200 /* Release */,
			);
			defaultConfigurationIsVisible = 0;
			defaultConfigurationName = Release;
		};
		EEF3056D24D0CAEC009E3200 /* Build configuration list for PBXNativeTarget "tipTests" */ = {
			isa = XCConfigurationList;
			buildConfigurations = (
				EEF3056E24D0CAEC009E3200 /* Debug */,
				EEF3056F24D0CAEC009E3200 /* Release */,
			);
			defaultConfigurationIsVisible = 0;
			defaultConfigurationName = Release;
		};
		EEF3057024D0CAEC009E3200 /* Build configuration list for PBXNativeTarget "tipUITests" */ = {
			isa = XCConfigurationList;
			buildConfigurations = (
				EEF3057124D0CAEC009E3200 /* Debug */,
				EEF3057224D0CAEC009E3200 /* Release */,
			);
			defaultConfigurationIsVisible = 0;
			defaultConfigurationName = Release;
		};
/* End XCConfigurationList section */
	};
	rootObject = EEF3053824D0CAE8009E3200 /* Project object */;
}
